
Microsoft Visual Studio Solution File, Format Version 12.00
# Visual Studio Version 17
VisualStudioVersion = 17.0.31903.59
MinimumVisualStudioVersion = 10.0.40219.1
Project("{FAE04EC0-301F-11D3-BF4B-00C04F79EFBC}") = "SCTC_CONFIG", "SCTC_CONFIG\SCTC_CONFIG.csproj", "{BEF8B105-1C57-4337-8C22-636D91BEFD7E}"
EndProject
Global
	GlobalSection(SolutionConfigurationPlatforms) = preSolution
		Debug|Any CPU = Debug|Any CPU
		Release|Any CPU = Release|Any CPU
	EndGlobalSection
	GlobalSection(ProjectConfigurationPlatforms) = postSolution
		{BEF8B105-1C57-4337-8C22-636D91BEFD7E}.Debug|Any CPU.ActiveCfg = Debug|Any CPU
		{BEF8B105-1C57-4337-8C22-636D91BEFD7E}.Debug|Any CPU.Build.0 = Debug|Any CPU
		{BEF8B105-1C57-4337-8C22-636D91BEFD7E}.Release|Any CPU.ActiveCfg = Release|Any CPU
		{BEF8B105-1C57-4337-8C22-636D91BEFD7E}.Release|Any CPU.Build.0 = Release|Any CPU
	EndGlobalSection
	GlobalSection(SolutionProperties) = preSolution
		HideSolutionNode = FALSE
	EndGlobalSection
	GlobalSection(ExtensibilityGlobals) = postSolution
		SolutionGuid = {A309A4B8-5770-4464-BC5C-58F2FC7A0D75}
	EndGlobalSection
EndGlobal
